// !$*UTF8*$!
{
	archiveVersion = 1;
	classes = {
	};
	objectVersion = 55;
	objects = {

/* Begin PBXBuildFile section */
		5E6A06B528480F1E000AB0EC /* MovieResponse.swift in Sources */ = {isa = PBXBuildFile; fileRef = 5E6A06B428480F1E000AB0EC /* MovieResponse.swift */; };
		5E6A06B828480F86000AB0EC /* MovieDownloadManager.swift in Sources */ = {isa = PBXBuildFile; fileRef = 5E6A06B728480F86000AB0EC /* MovieDownloadManager.swift */; };
		5E6A06BA28481282000AB0EC /* DiscoverView.swift in Sources */ = {isa = PBXBuildFile; fileRef = 5E6A06B928481282000AB0EC /* DiscoverView.swift */; };
		5E6A06BC2848168E000AB0EC /* MovieCell.swift in Sources */ = {isa = PBXBuildFile; fileRef = 5E6A06BB2848168E000AB0EC /* MovieCell.swift */; };
		5EB8CD5D28480D650077C9A4 /* NetworkManager.swift in Sources */ = {isa = PBXBuildFile; fileRef = 5EB8CD5C28480D650077C9A4 /* NetworkManager.swift */; };
		5EBEC589285FC28A00AC52D6 /* SettingView.swift in Sources */ = {isa = PBXBuildFile; fileRef = 5EBEC588285FC28A00AC52D6 /* SettingView.swift */; };
		5EBEC58B285FCCA600AC52D6 /* MovieDetailView.swift in Sources */ = {isa = PBXBuildFile; fileRef = 5EBEC58A285FCCA600AC52D6 /* MovieDetailView.swift */; };
		5EBEC58D285FD04700AC52D6 /* CachedAsyncImage.swift in Sources */ = {isa = PBXBuildFile; fileRef = 5EBEC58C285FD04700AC52D6 /* CachedAsyncImage.swift */; };
		5EBEC590285FD61300AC52D6 /* MovieReviewView.swift in Sources */ = {isa = PBXBuildFile; fileRef = 5EBEC58F285FD61300AC52D6 /* MovieReviewView.swift */; };
		5EC289A22846BD23002657B5 /* MovieAppApp.swift in Sources */ = {isa = PBXBuildFile; fileRef = 5EC289A12846BD23002657B5 /* MovieAppApp.swift */; };
		5EC289A42846BD23002657B5 /* ContentView.swift in Sources */ = {isa = PBXBuildFile; fileRef = 5EC289A32846BD23002657B5 /* ContentView.swift */; };
		5EC289A62846BD25002657B5 /* Assets.xcassets in Resources */ = {isa = PBXBuildFile; fileRef = 5EC289A52846BD25002657B5 /* Assets.xcassets */; };
		5EC289A92846BD25002657B5 /* Preview Assets.xcassets in Resources */ = {isa = PBXBuildFile; fileRef = 5EC289A82846BD25002657B5 /* Preview Assets.xcassets */; };
		5EC289B32846BD25002657B5 /* MovieAppTests.swift in Sources */ = {isa = PBXBuildFile; fileRef = 5EC289B22846BD25002657B5 /* MovieAppTests.swift */; };
		5EC289BD2846BD25002657B5 /* MovieAppUITests.swift in Sources */ = {isa = PBXBuildFile; fileRef = 5EC289BC2846BD25002657B5 /* MovieAppUITests.swift */; };
		5EC289BF2846BD25002657B5 /* MovieAppUITestsLaunchTests.swift in Sources */ = {isa = PBXBuildFile; fileRef = 5EC289BE2846BD25002657B5 /* MovieAppUITestsLaunchTests.swift */; };
		5EC289CF2846C47D002657B5 /* MoviesView.swift in Sources */ = {isa = PBXBuildFile; fileRef = 5EC289CE2846C47D002657B5 /* MoviesView.swift */; };
		5EE67D33285BE74E0036A380 /* HomeTabView.swift in Sources */ = {isa = PBXBuildFile; fileRef = 5EE67D32285BE74E0036A380 /* HomeTabView.swift */; };
/* End PBXBuildFile section */

/* Begin PBXContainerItemProxy section */
		5EC289AF2846BD25002657B5 /* PBXContainerItemProxy */ = {
			isa = PBXContainerItemProxy;
			containerPortal = 5EC289962846BD23002657B5 /* Project object */;
			proxyType = 1;
			remoteGlobalIDString = 5EC2899D2846BD23002657B5;
			remoteInfo = MovieApp;
		};
		5EC289B92846BD25002657B5 /* PBXContainerItemProxy */ = {
			isa = PBXContainerItemProxy;
			containerPortal = 5EC289962846BD23002657B5 /* Project object */;
			proxyType = 1;
			remoteGlobalIDString = 5EC2899D2846BD23002657B5;
			remoteInfo = MovieApp;
		};
/* End PBXContainerItemProxy section */

/* Begin PBXFileReference section */
		5E6A06B428480F1E000AB0EC /* MovieResponse.swift */ = {isa = PBXFileReference; lastKnownFileType = sourcecode.swift; path = MovieResponse.swift; sourceTree = "<group>"; };
		5E6A06B728480F86000AB0EC /* MovieDownloadManager.swift */ = {isa = PBXFileReference; lastKnownFileType = sourcecode.swift; path = MovieDownloadManager.swift; sourceTree = "<group>"; };
		5E6A06B928481282000AB0EC /* DiscoverView.swift */ = {isa = PBXFileReference; lastKnownFileType = sourcecode.swift; path = DiscoverView.swift; sourceTree = "<group>"; };
		5E6A06BB2848168E000AB0EC /* MovieCell.swift */ = {isa = PBXFileReference; lastKnownFileType = sourcecode.swift; path = MovieCell.swift; sourceTree = "<group>"; };
		5EB8CD5C28480D650077C9A4 /* NetworkManager.swift */ = {isa = PBXFileReference; lastKnownFileType = sourcecode.swift; path = NetworkManager.swift; sourceTree = "<group>"; };
		5EBEC588285FC28A00AC52D6 /* SettingView.swift */ = {isa = PBXFileReference; lastKnownFileType = sourcecode.swift; path = SettingView.swift; sourceTree = "<group>"; };
		5EBEC58A285FCCA600AC52D6 /* MovieDetailView.swift */ = {isa = PBXFileReference; lastKnownFileType = sourcecode.swift; path = MovieDetailView.swift; sourceTree = "<group>"; };
		5EBEC58C285FD04700AC52D6 /* CachedAsyncImage.swift */ = {isa = PBXFileReference; lastKnownFileType = sourcecode.swift; path = CachedAsyncImage.swift; sourceTree = "<group>"; };
		5EBEC58F285FD61300AC52D6 /* MovieReviewView.swift */ = {isa = PBXFileReference; lastKnownFileType = sourcecode.swift; path = MovieReviewView.swift; sourceTree = "<group>"; };
		5EC2899E2846BD23002657B5 /* MovieApp.app */ = {isa = PBXFileReference; explicitFileType = wrapper.application; includeInIndex = 0; path = MovieApp.app; sourceTree = BUILT_PRODUCTS_DIR; };
		5EC289A12846BD23002657B5 /* MovieAppApp.swift */ = {isa = PBXFileReference; lastKnownFileType = sourcecode.swift; path = MovieAppApp.swift; sourceTree = "<group>"; };
		5EC289A32846BD23002657B5 /* ContentView.swift */ = {isa = PBXFileReference; lastKnownFileType = sourcecode.swift; path = ContentView.swift; sourceTree = "<group>"; };
		5EC289A52846BD25002657B5 /* Assets.xcassets */ = {isa = PBXFileReference; lastKnownFileType = folder.assetcatalog; path = Assets.xcassets; sourceTree = "<group>"; };
		5EC289A82846BD25002657B5 /* Preview Assets.xcassets */ = {isa = PBXFileReference; lastKnownFileType = folder.assetcatalog; path = "Preview Assets.xcassets"; sourceTree = "<group>"; };
		5EC289AE2846BD25002657B5 /* MovieAppTests.xctest */ = {isa = PBXFileReference; explicitFileType = wrapper.cfbundle; includeInIndex = 0; path = MovieAppTests.xctest; sourceTree = BUILT_PRODUCTS_DIR; };
		5EC289B22846BD25002657B5 /* MovieAppTests.swift */ = {isa = PBXFileReference; lastKnownFileType = sourcecode.swift; path = MovieAppTests.swift; sourceTree = "<group>"; };
		5EC289B82846BD25002657B5 /* MovieAppUITests.xctest */ = {isa = PBXFileReference; explicitFileType = wrapper.cfbundle; includeInIndex = 0; path = MovieAppUITests.xctest; sourceTree = BUILT_PRODUCTS_DIR; };
		5EC289BC2846BD25002657B5 /* MovieAppUITests.swift */ = {isa = PBXFileReference; lastKnownFileType = sourcecode.swift; path = MovieAppUITests.swift; sourceTree = "<group>"; };
		5EC289BE2846BD25002657B5 /* MovieAppUITestsLaunchTests.swift */ = {isa = PBXFileReference; lastKnownFileType = sourcecode.swift; path = MovieAppUITestsLaunchTests.swift; sourceTree = "<group>"; };
		5EC289CE2846C47D002657B5 /* MoviesView.swift */ = {isa = PBXFileReference; lastKnownFileType = sourcecode.swift; path = MoviesView.swift; sourceTree = "<group>"; };
		5EE67D32285BE74E0036A380 /* HomeTabView.swift */ = {isa = PBXFileReference; lastKnownFileType = sourcecode.swift; path = HomeTabView.swift; sourceTree = "<group>"; };
/* End PBXFileReference section */

/* Begin PBXFrameworksBuildPhase section */
		5EC2899B2846BD23002657B5 /* Frameworks */ = {
			isa = PBXFrameworksBuildPhase;
			buildActionMask = 2147483647;
			files = (
			);
			runOnlyForDeploymentPostprocessing = 0;
		};
		5EC289AB2846BD25002657B5 /* Frameworks */ = {
			isa = PBXFrameworksBuildPhase;
			buildActionMask = 2147483647;
			files = (
			);
			runOnlyForDeploymentPostprocessing = 0;
		};
		5EC289B52846BD25002657B5 /* Frameworks */ = {
			isa = PBXFrameworksBuildPhase;
			buildActionMask = 2147483647;
			files = (
			);
			runOnlyForDeploymentPostprocessing = 0;
		};
/* End PBXFrameworksBuildPhase section */

/* Begin PBXGroup section */
		5E6A06B628480F27000AB0EC /* Models */ = {
			isa = PBXGroup;
			children = (
				5E6A06B428480F1E000AB0EC /* MovieResponse.swift */,
			);
			path = Models;
			sourceTree = "<group>";
		};
		5EBEC58E285FD05200AC52D6 /* Uitils */ = {
			isa = PBXGroup;
			children = (
				5EBEC58C285FD04700AC52D6 /* CachedAsyncImage.swift */,
			);
			path = Uitils;
			sourceTree = "<group>";
		};
		5EC289952846BD23002657B5 = {
			isa = PBXGroup;
			children = (
				5EC289A02846BD23002657B5 /* MovieApp */,
				5EC289B12846BD25002657B5 /* MovieAppTests */,
				5EC289BB2846BD25002657B5 /* MovieAppUITests */,
				5EC2899F2846BD23002657B5 /* Products */,
			);
			sourceTree = "<group>";
		};
		5EC2899F2846BD23002657B5 /* Products */ = {
			isa = PBXGroup;
			children = (
				5EC2899E2846BD23002657B5 /* MovieApp.app */,
				5EC289AE2846BD25002657B5 /* MovieAppTests.xctest */,
				5EC289B82846BD25002657B5 /* MovieAppUITests.xctest */,
			);
			name = Products;
			sourceTree = "<group>";
		};
		5EC289A02846BD23002657B5 /* MovieApp */ = {
			isa = PBXGroup;
			children = (
				5EBEC58E285FD05200AC52D6 /* Uitils */,
				5EC289CD2846C199002657B5 /* Data */,
				5EC289CC2846C18E002657B5 /* Business */,
				5EC289CB2846C185002657B5 /* Presentation */,
				5EC289A12846BD23002657B5 /* MovieAppApp.swift */,
				5EC289A52846BD25002657B5 /* Assets.xcassets */,
				5EC289A72846BD25002657B5 /* Preview Content */,
			);
			path = MovieApp;
			sourceTree = "<group>";
		};
		5EC289A72846BD25002657B5 /* Preview Content */ = {
			isa = PBXGroup;
			children = (
				5EC289A82846BD25002657B5 /* Preview Assets.xcassets */,
			);
			path = "Preview Content";
			sourceTree = "<group>";
		};
		5EC289B12846BD25002657B5 /* MovieAppTests */ = {
			isa = PBXGroup;
			children = (
				5EC289B22846BD25002657B5 /* MovieAppTests.swift */,
			);
			path = MovieAppTests;
			sourceTree = "<group>";
		};
		5EC289BB2846BD25002657B5 /* MovieAppUITests */ = {
			isa = PBXGroup;
			children = (
				5EC289BC2846BD25002657B5 /* MovieAppUITests.swift */,
				5EC289BE2846BD25002657B5 /* MovieAppUITestsLaunchTests.swift */,
			);
			path = MovieAppUITests;
			sourceTree = "<group>";
		};
		5EC289CB2846C185002657B5 /* Presentation */ = {
			isa = PBXGroup;
			children = (
				5EC289D02846C485002657B5 /* Views */,
			);
			path = Presentation;
			sourceTree = "<group>";
		};
		5EC289CC2846C18E002657B5 /* Business */ = {
			isa = PBXGroup;
			children = (
				5E6A06B628480F27000AB0EC /* Models */,
				5E6A06B728480F86000AB0EC /* MovieDownloadManager.swift */,
			);
			path = Business;
			sourceTree = "<group>";
		};
		5EC289CD2846C199002657B5 /* Data */ = {
			isa = PBXGroup;
			children = (
				5EB8CD5C28480D650077C9A4 /* NetworkManager.swift */,
			);
			path = Data;
			sourceTree = "<group>";
		};
		5EC289D02846C485002657B5 /* Views */ = {
			isa = PBXGroup;
			children = (
				5EC289CE2846C47D002657B5 /* MoviesView.swift */,
				5EBEC58A285FCCA600AC52D6 /* MovieDetailView.swift */,
				5EC289A32846BD23002657B5 /* ContentView.swift */,
				5EBEC588285FC28A00AC52D6 /* SettingView.swift */,
				5E6A06B928481282000AB0EC /* DiscoverView.swift */,
				5E6A06BB2848168E000AB0EC /* MovieCell.swift */,
				5EE67D32285BE74E0036A380 /* HomeTabView.swift */,
				5EBEC58F285FD61300AC52D6 /* MovieReviewView.swift */,
			);
			path = Views;
			sourceTree = "<group>";
		};
/* End PBXGroup section */

/* Begin PBXNativeTarget section */
		5EC2899D2846BD23002657B5 /* MovieApp */ = {
			isa = PBXNativeTarget;
			buildConfigurationList = 5EC289C22846BD25002657B5 /* Build configuration list for PBXNativeTarget "MovieApp" */;
			buildPhases = (
				5EC2899A2846BD23002657B5 /* Sources */,
				5EC2899B2846BD23002657B5 /* Frameworks */,
				5EC2899C2846BD23002657B5 /* Resources */,
			);
			buildRules = (
			);
			dependencies = (
			);
			name = MovieApp;
			packageProductDependencies = (
			);
			productName = MovieApp;
			productReference = 5EC2899E2846BD23002657B5 /* MovieApp.app */;
			productType = "com.apple.product-type.application";
		};
		5EC289AD2846BD25002657B5 /* MovieAppTests */ = {
			isa = PBXNativeTarget;
			buildConfigurationList = 5EC289C52846BD25002657B5 /* Build configuration list for PBXNativeTarget "MovieAppTests" */;
			buildPhases = (
				5EC289AA2846BD25002657B5 /* Sources */,
				5EC289AB2846BD25002657B5 /* Frameworks */,
				5EC289AC2846BD25002657B5 /* Resources */,
			);
			buildRules = (
			);
			dependencies = (
				5EC289B02846BD25002657B5 /* PBXTargetDependency */,
			);
			name = MovieAppTests;
			productName = MovieAppTests;
			productReference = 5EC289AE2846BD25002657B5 /* MovieAppTests.xctest */;
			productType = "com.apple.product-type.bundle.unit-test";
		};
		5EC289B72846BD25002657B5 /* MovieAppUITests */ = {
			isa = PBXNativeTarget;
			buildConfigurationList = 5EC289C82846BD25002657B5 /* Build configuration list for PBXNativeTarget "MovieAppUITests" */;
			buildPhases = (
				5EC289B42846BD25002657B5 /* Sources */,
				5EC289B52846BD25002657B5 /* Frameworks */,
				5EC289B62846BD25002657B5 /* Resources */,
			);
			buildRules = (
			);
			dependencies = (
				5EC289BA2846BD25002657B5 /* PBXTargetDependency */,
			);
			name = MovieAppUITests;
			productName = MovieAppUITests;
			productReference = 5EC289B82846BD25002657B5 /* MovieAppUITests.xctest */;
			productType = "com.apple.product-type.bundle.ui-testing";
		};
/* End PBXNativeTarget section */

/* Begin PBXProject section */
		5EC289962846BD23002657B5 /* Project object */ = {
			isa = PBXProject;
			attributes = {
				BuildIndependentTargetsInParallel = 1;
				LastSwiftUpdateCheck = 1330;
				LastUpgradeCheck = 1330;
				TargetAttributes = {
					5EC2899D2846BD23002657B5 = {
						CreatedOnToolsVersion = 13.3;
					};
					5EC289AD2846BD25002657B5 = {
						CreatedOnToolsVersion = 13.3;
						TestTargetID = 5EC2899D2846BD23002657B5;
					};
					5EC289B72846BD25002657B5 = {
						CreatedOnToolsVersion = 13.3;
						TestTargetID = 5EC2899D2846BD23002657B5;
					};
				};
			};
			buildConfigurationList = 5EC289992846BD23002657B5 /* Build configuration list for PBXProject "MovieApp" */;
			compatibilityVersion = "Xcode 13.0";
			developmentRegion = en;
			hasScannedForEncodings = 0;
			knownRegions = (
				en,
				Base,
			);
			mainGroup = 5EC289952846BD23002657B5;
			packageReferences = (
			);
			productRefGroup = 5EC2899F2846BD23002657B5 /* Products */;
			projectDirPath = "";
			projectRoot = "";
			targets = (
				5EC2899D2846BD23002657B5 /* MovieApp */,
				5EC289AD2846BD25002657B5 /* MovieAppTests */,
				5EC289B72846BD25002657B5 /* MovieAppUITests */,
			);
		};
/* End PBXProject section */

/* Begin PBXResourcesBuildPhase section */
		5EC2899C2846BD23002657B5 /* Resources */ = {
			isa = PBXResourcesBuildPhase;
			buildActionMask = 2147483647;
			files = (
				5EC289A92846BD25002657B5 /* Preview Assets.xcassets in Resources */,
				5EC289A62846BD25002657B5 /* Assets.xcassets in Resources */,
			);
			runOnlyForDeploymentPostprocessing = 0;
		};
		5EC289AC2846BD25002657B5 /* Resources */ = {
			isa = PBXResourcesBuildPhase;
			buildActionMask = 2147483647;
			files = (
			);
			runOnlyForDeploymentPostprocessing = 0;
		};
		5EC289B62846BD25002657B5 /* Resources */ = {
			isa = PBXResourcesBuildPhase;
			buildActionMask = 2147483647;
			files = (
			);
			runOnlyForDeploymentPostprocessing = 0;
		};
/* End PBXResourcesBuildPhase section */

/* Begin PBXSourcesBuildPhase section */
		5EC2899A2846BD23002657B5 /* Sources */ = {
			isa = PBXSourcesBuildPhase;
			buildActionMask = 2147483647;
			files = (
				5EB8CD5D28480D650077C9A4 /* NetworkManager.swift in Sources */,
				5EBEC589285FC28A00AC52D6 /* SettingView.swift in Sources */,
				5E6A06B528480F1E000AB0EC /* MovieResponse.swift in Sources */,
				5E6A06BC2848168E000AB0EC /* MovieCell.swift in Sources */,
				5EE67D33285BE74E0036A380 /* HomeTabView.swift in Sources */,
				5E6A06B828480F86000AB0EC /* MovieDownloadManager.swift in Sources */,
				5EC289A42846BD23002657B5 /* ContentView.swift in Sources */,
				5E6A06BA28481282000AB0EC /* DiscoverView.swift in Sources */,
				5EC289CF2846C47D002657B5 /* MoviesView.swift in Sources */,
				5EBEC590285FD61300AC52D6 /* MovieReviewView.swift in Sources */,
				5EC289A22846BD23002657B5 /* MovieAppApp.swift in Sources */,
				5EBEC58B285FCCA600AC52D6 /* MovieDetailView.swift in Sources */,
				5EBEC58D285FD04700AC52D6 /* CachedAsyncImage.swift in Sources */,
			);
			runOnlyForDeploymentPostprocessing = 0;
		};
		5EC289AA2846BD25002657B5 /* Sources */ = {
			isa = PBXSourcesBuildPhase;
			buildActionMask = 2147483647;
			files = (
				5EC289B32846BD25002657B5 /* MovieAppTests.swift in Sources */,
			);
			runOnlyForDeploymentPostprocessing = 0;
		};
		5EC289B42846BD25002657B5 /* Sources */ = {
			isa = PBXSourcesBuildPhase;
			buildActionMask = 2147483647;
			files = (
				5EC289BF2846BD25002657B5 /* MovieAppUITestsLaunchTests.swift in Sources */,
				5EC289BD2846BD25002657B5 /* MovieAppUITests.swift in Sources */,
			);
			runOnlyForDeploymentPostprocessing = 0;
		};
/* End PBXSourcesBuildPhase section */

/* Begin PBXTargetDependency section */
		5EC289B02846BD25002657B5 /* PBXTargetDependency */ = {
			isa = PBXTargetDependency;
			target = 5EC2899D2846BD23002657B5 /* MovieApp */;
			targetProxy = 5EC289AF2846BD25002657B5 /* PBXContainerItemProxy */;
		};
		5EC289BA2846BD25002657B5 /* PBXTargetDependency */ = {
			isa = PBXTargetDependency;
			target = 5EC2899D2846BD23002657B5 /* MovieApp */;
			targetProxy = 5EC289B92846BD25002657B5 /* PBXContainerItemProxy */;
		};
/* End PBXTargetDependency section */

/* Begin XCBuildConfiguration section */
		5EC289C02846BD25002657B5 /* Debug */ = {
			isa = XCBuildConfiguration;
			buildSettings = {
				ALWAYS_SEARCH_USER_PATHS = NO;
				CLANG_ANALYZER_NONNULL = YES;
				CLANG_ANALYZER_NUMBER_OBJECT_CONVERSION = YES_AGGRESSIVE;
				CLANG_CXX_LANGUAGE_STANDARD = "gnu++17";
				CLANG_ENABLE_MODULES = YES;
				CLANG_ENABLE_OBJC_ARC = YES;
				CLANG_ENABLE_OBJC_WEAK = YES;
				CLANG_WARN_BLOCK_CAPTURE_AUTORELEASING = YES;
				CLANG_WARN_BOOL_CONVERSION = YES;
				CLANG_WARN_COMMA = YES;
				CLANG_WARN_CONSTANT_CONVERSION = YES;
				CLANG_WARN_DEPRECATED_OBJC_IMPLEMENTATIONS = YES;
				CLANG_WARN_DIRECT_OBJC_ISA_USAGE = YES_ERROR;
				CLANG_WARN_DOCUMENTATION_COMMENTS = YES;
				CLANG_WARN_EMPTY_BODY = YES;
				CLANG_WARN_ENUM_CONVERSION = YES;
				CLANG_WARN_INFINITE_RECURSION = YES;
				CLANG_WARN_INT_CONVERSION = YES;
				CLANG_WARN_NON_LITERAL_NULL_CONVERSION = YES;
				CLANG_WARN_OBJC_IMPLICIT_RETAIN_SELF = YES;
				CLANG_WARN_OBJC_LITERAL_CONVERSION = YES;
				CLANG_WARN_OBJC_ROOT_CLASS = YES_ERROR;
				CLANG_WARN_QUOTED_INCLUDE_IN_FRAMEWORK_HEADER = YES;
				CLANG_WARN_RANGE_LOOP_ANALYSIS = YES;
				CLANG_WARN_STRICT_PROTOTYPES = YES;
				CLANG_WARN_SUSPICIOUS_MOVE = YES;
				CLANG_WARN_UNGUARDED_AVAILABILITY = YES_AGGRESSIVE;
				CLANG_WARN_UNREACHABLE_CODE = YES;
				CLANG_WARN__DUPLICATE_METHOD_MATCH = YES;
				COPY_PHASE_STRIP = NO;
				DEBUG_INFORMATION_FORMAT = dwarf;
				ENABLE_STRICT_OBJC_MSGSEND = YES;
				ENABLE_TESTABILITY = YES;
				GCC_C_LANGUAGE_STANDARD = gnu11;
				GCC_DYNAMIC_NO_PIC = NO;
				GCC_NO_COMMON_BLOCKS = YES;
				GCC_OPTIMIZATION_LEVEL = 0;
				GCC_PREPROCESSOR_DEFINITIONS = (
					"DEBUG=1",
					"$(inherited)",
				);
				GCC_WARN_64_TO_32_BIT_CONVERSION = YES;
				GCC_WARN_ABOUT_RETURN_TYPE = YES_ERROR;
				GCC_WARN_UNDECLARED_SELECTOR = YES;
				GCC_WARN_UNINITIALIZED_AUTOS = YES_AGGRESSIVE;
				GCC_WARN_UNUSED_FUNCTION = YES;
				GCC_WARN_UNUSED_VARIABLE = YES;
				IPHONEOS_DEPLOYMENT_TARGET = 15.4;
				MTL_ENABLE_DEBUG_INFO = INCLUDE_SOURCE;
				MTL_FAST_MATH = YES;
				ONLY_ACTIVE_ARCH = YES;
				SDKROOT = iphoneos;
				SWIFT_ACTIVE_COMPILATION_CONDITIONS = DEBUG;
				SWIFT_OPTIMIZATION_LEVEL = "-Onone";
			};
			name = Debug;
		};
		5EC289C12846BD25002657B5 /* Release */ = {
			isa = XCBuildConfiguration;
			buildSettings = {
				ALWAYS_SEARCH_USER_PATHS = NO;
				CLANG_ANALYZER_NONNULL = YES;
				CLANG_ANALYZER_NUMBER_OBJECT_CONVERSION = YES_AGGRESSIVE;
				CLANG_CXX_LANGUAGE_STANDARD = "gnu++17";
				CLANG_ENABLE_MODULES = YES;
				CLANG_ENABLE_OBJC_ARC = YES;
				CLANG_ENABLE_OBJC_WEAK = YES;
				CLANG_WARN_BLOCK_CAPTURE_AUTORELEASING = YES;
				CLANG_WARN_BOOL_CONVERSION = YES;
				CLANG_WARN_COMMA = YES;
				CLANG_WARN_CONSTANT_CONVERSION = YES;
				CLANG_WARN_DEPRECATED_OBJC_IMPLEMENTATIONS = YES;
				CLANG_WARN_DIRECT_OBJC_ISA_USAGE = YES_ERROR;
				CLANG_WARN_DOCUMENTATION_COMMENTS = YES;
				CLANG_WARN_EMPTY_BODY = YES;
				CLANG_WARN_ENUM_CONVERSION = YES;
				CLANG_WARN_INFINITE_RECURSION = YES;
				CLANG_WARN_INT_CONVERSION = YES;
				CLANG_WARN_NON_LITERAL_NULL_CONVERSION = YES;
				CLANG_WARN_OBJC_IMPLICIT_RETAIN_SELF = YES;
				CLANG_WARN_OBJC_LITERAL_CONVERSION = YES;
				CLANG_WARN_OBJC_ROOT_CLASS = YES_ERROR;
				CLANG_WARN_QUOTED_INCLUDE_IN_FRAMEWORK_HEADER = YES;
				CLANG_WARN_RANGE_LOOP_ANALYSIS = YES;
				CLANG_WARN_STRICT_PROTOTYPES = YES;
				CLANG_WARN_SUSPICIOUS_MOVE = YES;
				CLANG_WARN_UNGUARDED_AVAILABILITY = YES_AGGRESSIVE;
				CLANG_WARN_UNREACHABLE_CODE = YES;
				CLANG_WARN__DUPLICATE_METHOD_MATCH = YES;
				COPY_PHASE_STRIP = NO;
				DEBUG_INFORMATION_FORMAT = "dwarf-with-dsym";
				ENABLE_NS_ASSERTIONS = NO;
				ENABLE_STRICT_OBJC_MSGSEND = YES;
				GCC_C_LANGUAGE_STANDARD = gnu11;
				GCC_NO_COMMON_BLOCKS = YES;
				GCC_WARN_64_TO_32_BIT_CONVERSION = YES;
				GCC_WARN_ABOUT_RETURN_TYPE = YES_ERROR;
				GCC_WARN_UNDECLARED_SELECTOR = YES;
				GCC_WARN_UNINITIALIZED_AUTOS = YES_AGGRESSIVE;
				GCC_WARN_UNUSED_FUNCTION = YES;
				GCC_WARN_UNUSED_VARIABLE = YES;
				IPHONEOS_DEPLOYMENT_TARGET = 15.4;
				MTL_ENABLE_DEBUG_INFO = NO;
				MTL_FAST_MATH = YES;
				SDKROOT = iphoneos;
				SWIFT_COMPILATION_MODE = wholemodule;
				SWIFT_OPTIMIZATION_LEVEL = "-O";
				VALIDATE_PRODUCT = YES;
			};
			name = Release;
		};
		5EC289C32846BD25002657B5 /* Debug */ = {
			isa = XCBuildConfiguration;
			buildSettings = {
				ASSETCATALOG_COMPILER_APPICON_NAME = AppIcon;
				ASSETCATALOG_COMPILER_GLOBAL_ACCENT_COLOR_NAME = AccentColor;
				CODE_SIGN_STYLE = Automatic;
				CURRENT_PROJECT_VERSION = 1;
				DEVELOPMENT_ASSET_PATHS = "\"MovieApp/Preview Content\"";
				DEVELOPMENT_TEAM = H6YM43JU4L;
				ENABLE_PREVIEWS = YES;
				GENERATE_INFOPLIST_FILE = YES;
				INFOPLIST_KEY_UIApplicationSceneManifest_Generation = YES;
				INFOPLIST_KEY_UIApplicationSupportsIndirectInputEvents = YES;
				INFOPLIST_KEY_UILaunchScreen_Generation = YES;
				INFOPLIST_KEY_UISupportedInterfaceOrientations_iPad = "UIInterfaceOrientationPortrait UIInterfaceOrientationPortraitUpsideDown UIInterfaceOrientationLandscapeLeft UIInterfaceOrientationLandscapeRight";
				INFOPLIST_KEY_UISupportedInterfaceOrientations_iPhone = "UIInterfaceOrientationPortrait UIInterfaceOrientationLandscapeLeft UIInterfaceOrientationLandscapeRight";
				LD_RUNPATH_SEARCH_PATHS = (
					"$(inherited)",
					"@executable_path/Frameworks",
				);
				MARKETING_VERSION = 1.0;
				PRODUCT_BUNDLE_IDENTIFIER = com.guessJoy.MovieApp;
				PRODUCT_NAME = "$(TARGET_NAME)";
				SWIFT_EMIT_LOC_STRINGS = YES;
				SWIFT_VERSION = 5.0;
				TARGETED_DEVICE_FAMILY = "1,2";
			};
			name = Debug;
		};
		5EC289C42846BD25002657B5 /* Release */ = {
			isa = XCBuildConfiguration;
			buildSettings = {
				ASSETCATALOG_COMPILER_APPICON_NAME = AppIcon;
				ASSETCATALOG_COMPILER_GLOBAL_ACCENT_COLOR_NAME = AccentColor;
				CODE_SIGN_STYLE = Automatic;
				CURRENT_PROJECT_VERSION = 1;
				DEVELOPMENT_ASSET_PATHS = "\"MovieApp/Preview Content\"";
				DEVELOPMENT_TEAM = H6YM43JU4L;
				ENABLE_PREVIEWS = YES;
				GENERATE_INFOPLIST_FILE = YES;
				INFOPLIST_KEY_UIApplicationSceneManifest_Generation = YES;
				INFOPLIST_KEY_UIApplicationSupportsIndirectInputEvents = YES;
				INFOPLIST_KEY_UILaunchScreen_Generation = YES;
				INFOPLIST_KEY_UISupportedInterfaceOrientations_iPad = "UIInterfaceOrientationPortrait UIInterfaceOrientationPortraitUpsideDown UIInterfaceOrientationLandscapeLeft UIInterfaceOrientationLandscapeRight";
				INFOPLIST_KEY_UISupportedInterfaceOrientations_iPhone = "UIInterfaceOrientationPortrait UIInterfaceOrientationLandscapeLeft UIInterfaceOrientationLandscapeRight";
				LD_RUNPATH_SEARCH_PATHS = (
					"$(inherited)",
					"@executable_path/Frameworks",
				);
				MARKETING_VERSION = 1.0;
				PRODUCT_BUNDLE_IDENTIFIER = com.guessJoy.MovieApp;
				PRODUCT_NAME = "$(TARGET_NAME)";
				SWIFT_EMIT_LOC_STRINGS = YES;
				SWIFT_VERSION = 5.0;
				TARGETED_DEVICE_FAMILY = "1,2";
			};
			name = Release;
		};
		5EC289C62846BD25002657B5 /* Debug */ = {
			isa = XCBuildConfiguration;
			buildSettings = {
				ALWAYS_EMBED_SWIFT_STANDARD_LIBRARIES = YES;
				BUNDLE_LOADER = "$(TEST_HOST)";
				CODE_SIGN_STYLE = Automatic;
				CURRENT_PROJECT_VERSION = 1;
				DEVELOPMENT_TEAM = H6YM43JU4L;
				GENERATE_INFOPLIST_FILE = YES;
				IPHONEOS_DEPLOYMENT_TARGET = 15.4;
				MARKETING_VERSION = 1.0;
				PRODUCT_BUNDLE_IDENTIFIER = com.guessJoy.MovieAppTests;
				PRODUCT_NAME = "$(TARGET_NAME)";
				SWIFT_EMIT_LOC_STRINGS = NO;
				SWIFT_VERSION = 5.0;
				TARGETED_DEVICE_FAMILY = "1,2";
				TEST_HOST = "$(BUILT_PRODUCTS_DIR)/MovieApp.app/MovieApp";
			};
			name = Debug;
		};
		5EC289C72846BD25002657B5 /* Release */ = {
			isa = XCBuildConfiguration;
			buildSettings = {
				ALWAYS_EMBED_SWIFT_STANDARD_LIBRARIES = YES;
				BUNDLE_LOADER = "$(TEST_HOST)";
				CODE_SIGN_STYLE = Automatic;
				CURRENT_PROJECT_VERSION = 1;
				DEVELOPMENT_TEAM = H6YM43JU4L;
				GENERATE_INFOPLIST_FILE = YES;
				IPHONEOS_DEPLOYMENT_TARGET = 15.4;
				MARKETING_VERSION = 1.0;
				PRODUCT_BUNDLE_IDENTIFIER = com.guessJoy.MovieAppTests;
				PRODUCT_NAME = "$(TARGET_NAME)";
				SWIFT_EMIT_LOC_STRINGS = NO;
				SWIFT_VERSION = 5.0;
				TARGETED_DEVICE_FAMILY = "1,2";
				TEST_HOST = "$(BUILT_PRODUCTS_DIR)/MovieApp.app/MovieApp";
			};
			name = Release;
		};
		5EC289C92846BD25002657B5 /* Debug */ = {
			isa = XCBuildConfiguration;
			buildSettings = {
				ALWAYS_EMBED_SWIFT_STANDARD_LIBRARIES = YES;
				CODE_SIGN_STYLE = Automatic;
				CURRENT_PROJECT_VERSION = 1;
				DEVELOPMENT_TEAM = H6YM43JU4L;
				GENERATE_INFOPLIST_FILE = YES;
				MARKETING_VERSION = 1.0;
				PRODUCT_BUNDLE_IDENTIFIER = com.guessJoy.MovieAppUITests;
				PRODUCT_NAME = "$(TARGET_NAME)";
				SWIFT_EMIT_LOC_STRINGS = NO;
				SWIFT_VERSION = 5.0;
				TARGETED_DEVICE_FAMILY = "1,2";
				TEST_TARGET_NAME = MovieApp;
			};
			name = Debug;
		};
		5EC289CA2846BD25002657B5 /* Release */ = {
			isa = XCBuildConfiguration;
			buildSettings = {
				ALWAYS_EMBED_SWIFT_STANDARD_LIBRARIES = YES;
				CODE_SIGN_STYLE = Automatic;
				CURRENT_PROJECT_VERSION = 1;
				DEVELOPMENT_TEAM = H6YM43JU4L;
				GENERATE_INFOPLIST_FILE = YES;
				MARKETING_VERSION = 1.0;
				PRODUCT_BUNDLE_IDENTIFIER = com.guessJoy.MovieAppUITests;
				PRODUCT_NAME = "$(TARGET_NAME)";
				SWIFT_EMIT_LOC_STRINGS = NO;
				SWIFT_VERSION = 5.0;
				TARGETED_DEVICE_FAMILY = "1,2";
				TEST_TARGET_NAME = MovieApp;
			};
			name = Release;
		};
/* End XCBuildConfiguration section */

/* Begin XCConfigurationList section */
		5EC289992846BD23002657B5 /* Build configuration list for PBXProject "MovieApp" */ = {
			isa = XCConfigurationList;
			buildConfigurations = (
				5EC289C02846BD25002657B5 /* Debug */,
				5EC289C12846BD25002657B5 /* Release */,
			);
			defaultConfigurationIsVisible = 0;
			defaultConfigurationName = Release;
		};
		5EC289C22846BD25002657B5 /* Build configuration list for PBXNativeTarget "MovieApp" */ = {
			isa = XCConfigurationList;
			buildConfigurations = (
				5EC289C32846BD25002657B5 /* Debug */,
				5EC289C42846BD25002657B5 /* Release */,
			);
			defaultConfigurationIsVisible = 0;
			defaultConfigurationName = Release;
		};
		5EC289C52846BD25002657B5 /* Build configuration list for PBXNativeTarget "MovieAppTests" */ = {
			isa = XCConfigurationList;
			buildConfigurations = (
				5EC289C62846BD25002657B5 /* Debug */,
				5EC289C72846BD25002657B5 /* Release */,
			);
			defaultConfigurationIsVisible = 0;
			defaultConfigurationName = Release;
		};
		5EC289C82846BD25002657B5 /* Build configuration list for PBXNativeTarget "MovieAppUITests" */ = {
			isa = XCConfigurationList;
			buildConfigurations = (
				5EC289C92846BD25002657B5 /* Debug */,
				5EC289CA2846BD25002657B5 /* Release */,
			);
			defaultConfigurationIsVisible = 0;
			defaultConfigurationName = Release;
		};
/* End XCConfigurationList section */
	};
	rootObject = 5EC289962846BD23002657B5 /* Project object */;
}
